
Microsoft Visual Studio Solution File, Format Version 12.00
Project("{FAE04EC0-301F-11D3-BF4B-00C04F79EFBC}") = "KafkaLab.Api", "src\KafkaLab.Api\KafkaLab.Api.csproj", "{B8217067-BC6F-45A1-8E2F-DAC7C2B444C0}"
EndProject
Project("{FAE04EC0-301F-11D3-BF4B-00C04F79EFBC}") = "KafkaLab.Application", "src\KafkaLab.Application\KafkaLab.Application.csproj", "{1947808D-5868-4BB7-A48D-FF91CC118978}"
EndProject
Project("{FAE04EC0-301F-11D3-BF4B-00C04F79EFBC}") = "KafkaLab.Infrastructure", "src\KafkaLab.Infrastructure\KafkaLab.Infrastructure.csproj", "{C857767F-07AD-4DFB-8882-2380BE0DE17E}"
EndProject
Project("{FAE04EC0-301F-11D3-BF4B-00C04F79EFBC}") = "KafkaLab.Consumer", "src\KafkaLab.Consumer\KafkaLab.Consumer.csproj", "{9EB35E1D-A5CD-4D69-89BD-FC54E943F3C8}"
EndProject
Global
	GlobalSection(SolutionConfigurationPlatforms) = preSolution
		Debug|Any CPU = Debug|Any CPU
		Release|Any CPU = Release|Any CPU
	EndGlobalSection
	GlobalSection(ProjectConfigurationPlatforms) = postSolution
		{B8217067-BC6F-45A1-8E2F-DAC7C2B444C0}.Debug|Any CPU.ActiveCfg = Debug|Any CPU
		{B8217067-BC6F-45A1-8E2F-DAC7C2B444C0}.Debug|Any CPU.Build.0 = Debug|Any CPU
		{B8217067-BC6F-45A1-8E2F-DAC7C2B444C0}.Release|Any CPU.ActiveCfg = Release|Any CPU
		{B8217067-BC6F-45A1-8E2F-DAC7C2B444C0}.Release|Any CPU.Build.0 = Release|Any CPU
		{1947808D-5868-4BB7-A48D-FF91CC118978}.Debug|Any CPU.ActiveCfg = Debug|Any CPU
		{1947808D-5868-4BB7-A48D-FF91CC118978}.Debug|Any CPU.Build.0 = Debug|Any CPU
		{1947808D-5868-4BB7-A48D-FF91CC118978}.Release|Any CPU.ActiveCfg = Release|Any CPU
		{1947808D-5868-4BB7-A48D-FF91CC118978}.Release|Any CPU.Build.0 = Release|Any CPU
		{C857767F-07AD-4DFB-8882-2380BE0DE17E}.Debug|Any CPU.ActiveCfg = Debug|Any CPU
		{C857767F-07AD-4DFB-8882-2380BE0DE17E}.Debug|Any CPU.Build.0 = Debug|Any CPU
		{C857767F-07AD-4DFB-8882-2380BE0DE17E}.Release|Any CPU.ActiveCfg = Release|Any CPU
		{C857767F-07AD-4DFB-8882-2380BE0DE17E}.Release|Any CPU.Build.0 = Release|Any CPU
		{9EB35E1D-A5CD-4D69-89BD-FC54E943F3C8}.Debug|Any CPU.ActiveCfg = Debug|Any CPU
		{9EB35E1D-A5CD-4D69-89BD-FC54E943F3C8}.Debug|Any CPU.Build.0 = Debug|Any CPU
		{9EB35E1D-A5CD-4D69-89BD-FC54E943F3C8}.Release|Any CPU.ActiveCfg = Release|Any CPU
		{9EB35E1D-A5CD-4D69-89BD-FC54E943F3C8}.Release|Any CPU.Build.0 = Release|Any CPU
	EndGlobalSection
EndGlobal
